// !$*UTF8*$!
{
	archiveVersion = 1;
	classes = {
	};
	objectVersion = 48;
	objects = {

/* Begin PBXBuildFile section */
		12F1D2FE20651D5800B238E3 /* AppDelegate.swift in Sources */ = {isa = PBXBuildFile; fileRef = 12F1D2FD20651D5800B238E3 /* AppDelegate.swift */; };
		12F1D30020651D5800B238E3 /* ViewController.swift in Sources */ = {isa = PBXBuildFile; fileRef = 12F1D2FF20651D5800B238E3 /* ViewController.swift */; };
		12F1D30320651D5800B238E3 /* Main.storyboard in Resources */ = {isa = PBXBuildFile; fileRef = 12F1D30120651D5800B238E3 /* Main.storyboard */; };
		12F1D30520651D5800B238E3 /* Assets.xcassets in Resources */ = {isa = PBXBuildFile; fileRef = 12F1D30420651D5800B238E3 /* Assets.xcassets */; };
		12F1D30820651D5800B238E3 /* LaunchScreen.storyboard in Resources */ = {isa = PBXBuildFile; fileRef = 12F1D30620651D5800B238E3 /* LaunchScreen.storyboard */; };
		12F1D31320651D5900B238E3 /* Hello_iOSTests.swift in Sources */ = {isa = PBXBuildFile; fileRef = 12F1D31220651D5900B238E3 /* Hello_iOSTests.swift */; };
		12F1D31E20651D5900B238E3 /* Hello_iOSUITests.swift in Sources */ = {isa = PBXBuildFile; fileRef = 12F1D31D20651D5900B238E3 /* Hello_iOSUITests.swift */; };
/* End PBXBuildFile section */

/* Begin PBXContainerItemProxy section */
		12F1D30F20651D5900B238E3 /* PBXContainerItemProxy */ = {
			isa = PBXContainerItemProxy;
			containerPortal = 12F1D2F220651D5800B238E3 /* Project object */;
			proxyType = 1;
			remoteGlobalIDString = 12F1D2F920651D5800B238E3;
			remoteInfo = Hello_iOS;
		};
		12F1D31A20651D5900B238E3 /* PBXContainerItemProxy */ = {
			isa = PBXContainerItemProxy;
			containerPortal = 12F1D2F220651D5800B238E3 /* Project object */;
			proxyType = 1;
			remoteGlobalIDString = 12F1D2F920651D5800B238E3;
			remoteInfo = Hello_iOS;
		};
/* End PBXContainerItemProxy section */

/* Begin PBXFileReference section */
		12F1D2FA20651D5800B238E3 /* Hello_iOS.app */ = {isa = PBXFileReference; explicitFileType = wrapper.application; includeInIndex = 0; path = Hello_iOS.app; sourceTree = BUILT_PRODUCTS_DIR; };
		12F1D2FD20651D5800B238E3 /* AppDelegate.swift */ = {isa = PBXFileReference; lastKnownFileType = sourcecode.swift; path = AppDelegate.swift; sourceTree = "<group>"; };
		12F1D2FF20651D5800B238E3 /* ViewController.swift */ = {isa = PBXFileReference; lastKnownFileType = sourcecode.swift; path = ViewController.swift; sourceTree = "<group>"; };
		12F1D30220651D5800B238E3 /* Base */ = {isa = PBXFileReference; lastKnownFileType = file.storyboard; name = Base; path = Base.lproj/Main.storyboard; sourceTree = "<group>"; };
		12F1D30420651D5800B238E3 /* Assets.xcassets */ = {isa = PBXFileReference; lastKnownFileType = folder.assetcatalog; path = Assets.xcassets; sourceTree = "<group>"; };
		12F1D30720651D5800B238E3 /* Base */ = {isa = PBXFileReference; lastKnownFileType = file.storyboard; name = Base; path = Base.lproj/LaunchScreen.storyboard; sourceTree = "<group>"; };
		12F1D30920651D5800B238E3 /* Info.plist */ = {isa = PBXFileReference; lastKnownFileType = text.plist.xml; path = Info.plist; sourceTree = "<group>"; };
		12F1D30E20651D5900B238E3 /* Hello_iOSTests.xctest */ = {isa = PBXFileReference; explicitFileType = wrapper.cfbundle; includeInIndex = 0; path = Hello_iOSTests.xctest; sourceTree = BUILT_PRODUCTS_DIR; };
		12F1D31220651D5900B238E3 /* Hello_iOSTests.swift */ = {isa = PBXFileReference; lastKnownFileType = sourcecode.swift; path = Hello_iOSTests.swift; sourceTree = "<group>"; };
		12F1D31420651D5900B238E3 /* Info.plist */ = {isa = PBXFileReference; lastKnownFileType = text.plist.xml; path = Info.plist; sourceTree = "<group>"; };
		12F1D31920651D5900B238E3 /* Hello_iOSUITests.xctest */ = {isa = PBXFileReference; explicitFileType = wrapper.cfbundle; includeInIndex = 0; path = Hello_iOSUITests.xctest; sourceTree = BUILT_PRODUCTS_DIR; };
		12F1D31D20651D5900B238E3 /* Hello_iOSUITests.swift */ = {isa = PBXFileReference; lastKnownFileType = sourcecode.swift; path = Hello_iOSUITests.swift; sourceTree = "<group>"; };
		12F1D31F20651D5900B238E3 /* Info.plist */ = {isa = PBXFileReference; lastKnownFileType = text.plist.xml; path = Info.plist; sourceTree = "<group>"; };
/* End PBXFileReference section */

/* Begin PBXFrameworksBuildPhase section */
		12F1D2F720651D5800B238E3 /* Frameworks */ = {
			isa = PBXFrameworksBuildPhase;
			buildActionMask = 2147483647;
			files = (
			);
			runOnlyForDeploymentPostprocessing = 0;
		};
		12F1D30B20651D5800B238E3 /* Frameworks */ = {
			isa = PBXFrameworksBuildPhase;
			buildActionMask = 2147483647;
			files = (
			);
			runOnlyForDeploymentPostprocessing = 0;
		};
		12F1D31620651D5900B238E3 /* Frameworks */ = {
			isa = PBXFrameworksBuildPhase;
			buildActionMask = 2147483647;
			files = (
			);
			runOnlyForDeploymentPostprocessing = 0;
		};
/* End PBXFrameworksBuildPhase section */

/* Begin PBXGroup section */
		12F1D2F120651D5800B238E3 = {
			isa = PBXGroup;
			children = (
				12F1D2FC20651D5800B238E3 /* Hello_iOS */,
				12F1D31120651D5900B238E3 /* Hello_iOSTests */,
				12F1D31C20651D5900B238E3 /* Hello_iOSUITests */,
				12F1D2FB20651D5800B238E3 /* Products */,
			);
			sourceTree = "<group>";
		};
		12F1D2FB20651D5800B238E3 /* Products */ = {
			isa = PBXGroup;
			children = (
				12F1D2FA20651D5800B238E3 /* Hello_iOS.app */,
				12F1D30E20651D5900B238E3 /* Hello_iOSTests.xctest */,
				12F1D31920651D5900B238E3 /* Hello_iOSUITests.xctest */,
			);
			name = Products;
			sourceTree = "<group>";
		};
		12F1D2FC20651D5800B238E3 /* Hello_iOS */ = {
			isa = PBXGroup;
			children = (
				12F1D2FD20651D5800B238E3 /* AppDelegate.swift */,
				12F1D2FF20651D5800B238E3 /* ViewController.swift */,
				12F1D30120651D5800B238E3 /* Main.storyboard */,
				12F1D30420651D5800B238E3 /* Assets.xcassets */,
				12F1D30620651D5800B238E3 /* LaunchScreen.storyboard */,
				12F1D30920651D5800B238E3 /* Info.plist */,
			);
			path = Hello_iOS;
			sourceTree = "<group>";
		};
		12F1D31120651D5900B238E3 /* Hello_iOSTests */ = {
			isa = PBXGroup;
			children = (
				12F1D31220651D5900B238E3 /* Hello_iOSTests.swift */,
				12F1D31420651D5900B238E3 /* Info.plist */,
			);
			path = Hello_iOSTests;
			sourceTree = "<group>";
		};
		12F1D31C20651D5900B238E3 /* Hello_iOSUITests */ = {
			isa = PBXGroup;
			children = (
				12F1D31D20651D5900B238E3 /* Hello_iOSUITests.swift */,
				12F1D31F20651D5900B238E3 /* Info.plist */,
			);
			path = Hello_iOSUITests;
			sourceTree = "<group>";
		};
/* End PBXGroup section */

/* Begin PBXNativeTarget section */
		12F1D2F920651D5800B238E3 /* Hello_iOS */ = {
			isa = PBXNativeTarget;
			buildConfigurationList = 12F1D32220651D5900B238E3 /* Build configuration list for PBXNativeTarget "Hello_iOS" */;
			buildPhases = (
				12F1D2F620651D5800B238E3 /* Sources */,
				12F1D2F720651D5800B238E3 /* Frameworks */,
				12F1D2F820651D5800B238E3 /* Resources */,
			);
			buildRules = (
			);
			dependencies = (
			);
			name = Hello_iOS;
			productName = Hello_iOS;
			productReference = 12F1D2FA20651D5800B238E3 /* Hello_iOS.app */;
			productType = "com.apple.product-type.application";
		};
		12F1D30D20651D5800B238E3 /* Hello_iOSTests */ = {
			isa = PBXNativeTarget;
			buildConfigurationList = 12F1D32520651D5900B238E3 /* Build configuration list for PBXNativeTarget "Hello_iOSTests" */;
			buildPhases = (
				12F1D30A20651D5800B238E3 /* Sources */,
				12F1D30B20651D5800B238E3 /* Frameworks */,
				12F1D30C20651D5800B238E3 /* Resources */,
			);
			buildRules = (
			);
			dependencies = (
				12F1D31020651D5900B238E3 /* PBXTargetDependency */,
			);
			name = Hello_iOSTests;
			productName = Hello_iOSTests;
			productReference = 12F1D30E20651D5900B238E3 /* Hello_iOSTests.xctest */;
			productType = "com.apple.product-type.bundle.unit-test";
		};
		12F1D31820651D5900B238E3 /* Hello_iOSUITests */ = {
			isa = PBXNativeTarget;
			buildConfigurationList = 12F1D32820651D5900B238E3 /* Build configuration list for PBXNativeTarget "Hello_iOSUITests" */;
			buildPhases = (
				12F1D31520651D5900B238E3 /* Sources */,
				12F1D31620651D5900B238E3 /* Frameworks */,
				12F1D31720651D5900B238E3 /* Resources */,
			);
			buildRules = (
			);
			dependencies = (
				12F1D31B20651D5900B238E3 /* PBXTargetDependency */,
			);
			name = Hello_iOSUITests;
			productName = Hello_iOSUITests;
			productReference = 12F1D31920651D5900B238E3 /* Hello_iOSUITests.xctest */;
			productType = "com.apple.product-type.bundle.ui-testing";
		};
/* End PBXNativeTarget section */

/* Begin PBXProject section */
		12F1D2F220651D5800B238E3 /* Project object */ = {
			isa = PBXProject;
			attributes = {
				LastSwiftUpdateCheck = 0900;
				LastUpgradeCheck = 0900;
				ORGANIZATIONNAME = Maruf;
				TargetAttributes = {
					12F1D2F920651D5800B238E3 = {
						CreatedOnToolsVersion = 9.0;
					};
					12F1D30D20651D5800B238E3 = {
						CreatedOnToolsVersion = 9.0;
						TestTargetID = 12F1D2F920651D5800B238E3;
					};
					12F1D31820651D5900B238E3 = {
						CreatedOnToolsVersion = 9.0;
						TestTargetID = 12F1D2F920651D5800B238E3;
					};
				};
			};
			buildConfigurationList = 12F1D2F520651D5800B238E3 /* Build configuration list for PBXProject "Hello_iOS" */;
			compatibilityVersion = "Xcode 8.0";
			developmentRegion = en;
			hasScannedForEncodings = 0;
			knownRegions = (
				en,
				Base,
			);
			mainGroup = 12F1D2F120651D5800B238E3;
			productRefGroup = 12F1D2FB20651D5800B238E3 /* Products */;
			projectDirPath = "";
			projectRoot = "";
			targets = (
				12F1D2F920651D5800B238E3 /* Hello_iOS */,
				12F1D30D20651D5800B238E3 /* Hello_iOSTests */,
				12F1D31820651D5900B238E3 /* Hello_iOSUITests */,
			);
		};
/* End PBXProject section */

/* Begin PBXResourcesBuildPhase section */
		12F1D2F820651D5800B238E3 /* Resources */ = {
			isa = PBXResourcesBuildPhase;
			buildActionMask = 2147483647;
			files = (
				12F1D30820651D5800B238E3 /* LaunchScreen.storyboard in Resources */,
				12F1D30520651D5800B238E3 /* Assets.xcassets in Resources */,
				12F1D30320651D5800B238E3 /* Main.storyboard in Resources */,
			);
			runOnlyForDeploymentPostprocessing = 0;
		};
		12F1D30C20651D5800B238E3 /* Resources */ = {
			isa = PBXResourcesBuildPhase;
			buildActionMask = 2147483647;
			files = (
			);
			runOnlyForDeploymentPostprocessing = 0;
		};
		12F1D31720651D5900B238E3 /* Resources */ = {
			isa = PBXResourcesBuildPhase;
			buildActionMask = 2147483647;
			files = (
			);
			runOnlyForDeploymentPostprocessing = 0;
		};
/* End PBXResourcesBuildPhase section */

/* Begin PBXSourcesBuildPhase section */
		12F1D2F620651D5800B238E3 /* Sources */ = {
			isa = PBXSourcesBuildPhase;
			buildActionMask = 2147483647;
			files = (
				12F1D30020651D5800B238E3 /* ViewController.swift in Sources */,
				12F1D2FE20651D5800B238E3 /* AppDelegate.swift in Sources */,
			);
			runOnlyForDeploymentPostprocessing = 0;
		};
		12F1D30A20651D5800B238E3 /* Sources */ = {
			isa = PBXSourcesBuildPhase;
			buildActionMask = 2147483647;
			files = (
				12F1D31320651D5900B238E3 /* Hello_iOSTests.swift in Sources */,
			);
			runOnlyForDeploymentPostprocessing = 0;
		};
		12F1D31520651D5900B238E3 /* Sources */ = {
			isa = PBXSourcesBuildPhase;
			buildActionMask = 2147483647;
			files = (
				12F1D31E20651D5900B238E3 /* Hello_iOSUITests.swift in Sources */,
			);
			runOnlyForDeploymentPostprocessing = 0;
		};
/* End PBXSourcesBuildPhase section */

/* Begin PBXTargetDependency section */
		12F1D31020651D5900B238E3 /* PBXTargetDependency */ = {
			isa = PBXTargetDependency;
			target = 12F1D2F920651D5800B238E3 /* Hello_iOS */;
			targetProxy = 12F1D30F20651D5900B238E3 /* PBXContainerItemProxy */;
		};
		12F1D31B20651D5900B238E3 /* PBXTargetDependency */ = {
			isa = PBXTargetDependency;
			target = 12F1D2F920651D5800B238E3 /* Hello_iOS */;
			targetProxy = 12F1D31A20651D5900B238E3 /* PBXContainerItemProxy */;
		};
/* End PBXTargetDependency section */

/* Begin PBXVariantGroup section */
		12F1D30120651D5800B238E3 /* Main.storyboard */ = {
			isa = PBXVariantGroup;
			children = (
				12F1D30220651D5800B238E3 /* Base */,
			);
			name = Main.storyboard;
			sourceTree = "<group>";
		};
		12F1D30620651D5800B238E3 /* LaunchScreen.storyboard */ = {
			isa = PBXVariantGroup;
			children = (
				12F1D30720651D5800B238E3 /* Base */,
			);
			name = LaunchScreen.storyboard;
			sourceTree = "<group>";
		};
/* End PBXVariantGroup section */

/* Begin XCBuildConfiguration section */
		12F1D32020651D5900B238E3 /* Debug */ = {
			isa = XCBuildConfiguration;
			buildSettings = {
				ALWAYS_SEARCH_USER_PATHS = NO;
				CLANG_ANALYZER_NONNULL = YES;
				CLANG_ANALYZER_NUMBER_OBJECT_CONVERSION = YES_AGGRESSIVE;
				CLANG_CXX_LANGUAGE_STANDARD = "gnu++14";
				CLANG_CXX_LIBRARY = "libc++";
				CLANG_ENABLE_MODULES = YES;
				CLANG_ENABLE_OBJC_ARC = YES;
				CLANG_WARN_BLOCK_CAPTURE_AUTORELEASING = YES;
				CLANG_WARN_BOOL_CONVERSION = YES;
				CLANG_WARN_COMMA = YES;
				CLANG_WARN_CONSTANT_CONVERSION = YES;
				CLANG_WARN_DIRECT_OBJC_ISA_USAGE = YES_ERROR;
				CLANG_WARN_DOCUMENTATION_COMMENTS = YES;
				CLANG_WARN_EMPTY_BODY = YES;
				CLANG_WARN_ENUM_CONVERSION = YES;
				CLANG_WARN_INFINITE_RECURSION = YES;
				CLANG_WARN_INT_CONVERSION = YES;
				CLANG_WARN_OBJC_ROOT_CLASS = YES_ERROR;
				CLANG_WARN_RANGE_LOOP_ANALYSIS = YES;
				CLANG_WARN_STRICT_PROTOTYPES = YES;
				CLANG_WARN_SUSPICIOUS_MOVE = YES;
				CLANG_WARN_UNGUARDED_AVAILABILITY = YES_AGGRESSIVE;
				CLANG_WARN_UNREACHABLE_CODE = YES;
				CLANG_WARN__DUPLICATE_METHOD_MATCH = YES;
				CODE_SIGN_IDENTITY = "iPhone Developer";
				COPY_PHASE_STRIP = NO;
				DEBUG_INFORMATION_FORMAT = dwarf;
				ENABLE_STRICT_OBJC_MSGSEND = YES;
				ENABLE_TESTABILITY = YES;
				GCC_C_LANGUAGE_STANDARD = gnu11;
				GCC_DYNAMIC_NO_PIC = NO;
				GCC_NO_COMMON_BLOCKS = YES;
				GCC_OPTIMIZATION_LEVEL = 0;
				GCC_PREPROCESSOR_DEFINITIONS = (
					"DEBUG=1",
					"$(inherited)",
				);
				GCC_WARN_64_TO_32_BIT_CONVERSION = YES;
				GCC_WARN_ABOUT_RETURN_TYPE = YES_ERROR;
				GCC_WARN_UNDECLARED_SELECTOR = YES;
				GCC_WARN_UNINITIALIZED_AUTOS = YES_AGGRESSIVE;
				GCC_WARN_UNUSED_FUNCTION = YES;
				GCC_WARN_UNUSED_VARIABLE = YES;
				IPHONEOS_DEPLOYMENT_TARGET = 11.0;
				MTL_ENABLE_DEBUG_INFO = YES;
				ONLY_ACTIVE_ARCH = YES;
				SDKROOT = iphoneos;
				SWIFT_ACTIVE_COMPILATION_CONDITIONS = DEBUG;
				SWIFT_OPTIMIZATION_LEVEL = "-Onone";
			};
			name = Debug;
		};
		12F1D32120651D5900B238E3 /* Release */ = {
			isa = XCBuildConfiguration;
			buildSettings = {
				ALWAYS_SEARCH_USER_PATHS = NO;
				CLANG_ANALYZER_NONNULL = YES;
				CLANG_ANALYZER_NUMBER_OBJECT_CONVERSION = YES_AGGRESSIVE;
				CLANG_CXX_LANGUAGE_STANDARD = "gnu++14";
				CLANG_CXX_LIBRARY = "libc++";
				CLANG_ENABLE_MODULES = YES;
				CLANG_ENABLE_OBJC_ARC = YES;
				CLANG_WARN_BLOCK_CAPTURE_AUTORELEASING = YES;
				CLANG_WARN_BOOL_CONVERSION = YES;
				CLANG_WARN_COMMA = YES;
				CLANG_WARN_CONSTANT_CONVERSION = YES;
				CLANG_WARN_DIRECT_OBJC_ISA_USAGE = YES_ERROR;
				CLANG_WARN_DOCUMENTATION_COMMENTS = YES;
				CLANG_WARN_EMPTY_BODY = YES;
				CLANG_WARN_ENUM_CONVERSION = YES;
				CLANG_WARN_INFINITE_RECURSION = YES;
				CLANG_WARN_INT_CONVERSION = YES;
				CLANG_WARN_OBJC_ROOT_CLASS = YES_ERROR;
				CLANG_WARN_RANGE_LOOP_ANALYSIS = YES;
				CLANG_WARN_STRICT_PROTOTYPES = YES;
				CLANG_WARN_SUSPICIOUS_MOVE = YES;
				CLANG_WARN_UNGUARDED_AVAILABILITY = YES_AGGRESSIVE;
				CLANG_WARN_UNREACHABLE_CODE = YES;
				CLANG_WARN__DUPLICATE_METHOD_MATCH = YES;
				CODE_SIGN_IDENTITY = "iPhone Developer";
				COPY_PHASE_STRIP = NO;
				DEBUG_INFORMATION_FORMAT = "dwarf-with-dsym";
				ENABLE_NS_ASSERTIONS = NO;
				ENABLE_STRICT_OBJC_MSGSEND = YES;
				GCC_C_LANGUAGE_STANDARD = gnu11;
				GCC_NO_COMMON_BLOCKS = YES;
				GCC_WARN_64_TO_32_BIT_CONVERSION = YES;
				GCC_WARN_ABOUT_RETURN_TYPE = YES_ERROR;
				GCC_WARN_UNDECLARED_SELECTOR = YES;
				GCC_WARN_UNINITIALIZED_AUTOS = YES_AGGRESSIVE;
				GCC_WARN_UNUSED_FUNCTION = YES;
				GCC_WARN_UNUSED_VARIABLE = YES;
				IPHONEOS_DEPLOYMENT_TARGET = 11.0;
				MTL_ENABLE_DEBUG_INFO = NO;
				SDKROOT = iphoneos;
				SWIFT_OPTIMIZATION_LEVEL = "-Owholemodule";
				VALIDATE_PRODUCT = YES;
			};
			name = Release;
		};
		12F1D32320651D5900B238E3 /* Debug */ = {
			isa = XCBuildConfiguration;
			buildSettings = {
				ASSETCATALOG_COMPILER_APPICON_NAME = AppIcon;
				DEVELOPMENT_TEAM = Y673Y736QT;
				INFOPLIST_FILE = Hello_iOS/Info.plist;
				IPHONEOS_DEPLOYMENT_TARGET = 9.0;
				LD_RUNPATH_SEARCH_PATHS = "$(inherited) @executable_path/Frameworks";
				PRODUCT_BUNDLE_IDENTIFIER = "drimcel.Hello-iOS";
				PRODUCT_NAME = "$(TARGET_NAME)";
				SWIFT_VERSION = 4.0;
				TARGETED_DEVICE_FAMILY = "1,2";
			};
			name = Debug;
		};
		12F1D32420651D5900B238E3 /* Release */ = {
			isa = XCBuildConfiguration;
			buildSettings = {
				ASSETCATALOG_COMPILER_APPICON_NAME = AppIcon;
				DEVELOPMENT_TEAM = Y673Y736QT;
				INFOPLIST_FILE = Hello_iOS/Info.plist;
				IPHONEOS_DEPLOYMENT_TARGET = 9.0;
				LD_RUNPATH_SEARCH_PATHS = "$(inherited) @executable_path/Frameworks";
				PRODUCT_BUNDLE_IDENTIFIER = "drimcel.Hello-iOS";
				PRODUCT_NAME = "$(TARGET_NAME)";
				SWIFT_VERSION = 4.0;
				TARGETED_DEVICE_FAMILY = "1,2";
			};
			name = Release;
		};
		12F1D32620651D5900B238E3 /* Debug */ = {
			isa = XCBuildConfiguration;
			buildSettings = {
				ALWAYS_EMBED_SWIFT_STANDARD_LIBRARIES = YES;
				BUNDLE_LOADER = "$(TEST_HOST)";
				INFOPLIST_FILE = Hello_iOSTests/Info.plist;
				LD_RUNPATH_SEARCH_PATHS = "$(inherited) @executable_path/Frameworks @loader_path/Frameworks";
				PRODUCT_BUNDLE_IDENTIFIER = "drimcel.Hello-iOSTests";
				PRODUCT_NAME = "$(TARGET_NAME)";
				SWIFT_VERSION = 4.0;
				TARGETED_DEVICE_FAMILY = "1,2";
				TEST_HOST = "$(BUILT_PRODUCTS_DIR)/Hello_iOS.app/Hello_iOS";
			};
			name = Debug;
		};
		12F1D32720651D5900B238E3 /* Release */ = {
			isa = XCBuildConfiguration;
			buildSettings = {
				ALWAYS_EMBED_SWIFT_STANDARD_LIBRARIES = YES;
				BUNDLE_LOADER = "$(TEST_HOST)";
				INFOPLIST_FILE = Hello_iOSTests/Info.plist;
				LD_RUNPATH_SEARCH_PATHS = "$(inherited) @executable_path/Frameworks @loader_path/Frameworks";
				PRODUCT_BUNDLE_IDENTIFIER = "drimcel.Hello-iOSTests";
				PRODUCT_NAME = "$(TARGET_NAME)";
				SWIFT_VERSION = 4.0;
				TARGETED_DEVICE_FAMILY = "1,2";
				TEST_HOST = "$(BUILT_PRODUCTS_DIR)/Hello_iOS.app/Hello_iOS";
			};
			name = Release;
		};
		12F1D32920651D5900B238E3 /* Debug */ = {
			isa = XCBuildConfiguration;
			buildSettings = {
				ALWAYS_EMBED_SWIFT_STANDARD_LIBRARIES = YES;
				INFOPLIST_FILE = Hello_iOSUITests/Info.plist;
				LD_RUNPATH_SEARCH_PATHS = "$(inherited) @executable_path/Frameworks @loader_path/Frameworks";
				PRODUCT_BUNDLE_IDENTIFIER = "drimcel.Hello-iOSUITests";
				PRODUCT_NAME = "$(TARGET_NAME)";
				SWIFT_VERSION = 4.0;
				TARGETED_DEVICE_FAMILY = "1,2";
				TEST_TARGET_NAME = Hello_iOS;
			};
			name = Debug;
		};
		12F1D32A20651D5900B238E3 /* Release */ = {
			isa = XCBuildConfiguration;
			buildSettings = {
				ALWAYS_EMBED_SWIFT_STANDARD_LIBRARIES = YES;
				INFOPLIST_FILE = Hello_iOSUITests/Info.plist;
				LD_RUNPATH_SEARCH_PATHS = "$(inherited) @executable_path/Frameworks @loader_path/Frameworks";
				PRODUCT_BUNDLE_IDENTIFIER = "drimcel.Hello-iOSUITests";
				PRODUCT_NAME = "$(TARGET_NAME)";
				SWIFT_VERSION = 4.0;
				TARGETED_DEVICE_FAMILY = "1,2";
				TEST_TARGET_NAME = Hello_iOS;
			};
			name = Release;
		};
/* End XCBuildConfiguration section */

/* Begin XCConfigurationList section */
		12F1D2F520651D5800B238E3 /* Build configuration list for PBXProject "Hello_iOS" */ = {
			isa = XCConfigurationList;
			buildConfigurations = (
				12F1D32020651D5900B238E3 /* Debug */,
				12F1D32120651D5900B238E3 /* Release */,
			);
			defaultConfigurationIsVisible = 0;
			defaultConfigurationName = Release;
		};
		12F1D32220651D5900B238E3 /* Build configuration list for PBXNativeTarget "Hello_iOS" */ = {
			isa = XCConfigurationList;
			buildConfigurations = (
				12F1D32320651D5900B238E3 /* Debug */,
				12F1D32420651D5900B238E3 /* Release */,
			);
			defaultConfigurationIsVisible = 0;
		};
		12F1D32520651D5900B238E3 /* Build configuration list for PBXNativeTarget "Hello_iOSTests" */ = {
			isa = XCConfigurationList;
			buildConfigurations = (
				12F1D32620651D5900B238E3 /* Debug */,
				12F1D32720651D5900B238E3 /* Release */,
			);
			defaultConfigurationIsVisible = 0;
		};
		12F1D32820651D5900B238E3 /* Build configuration list for PBXNativeTarget "Hello_iOSUITests" */ = {
			isa = XCConfigurationList;
			buildConfigurations = (
				12F1D32920651D5900B238E3 /* Debug */,
				12F1D32A20651D5900B238E3 /* Release */,
			);
			defaultConfigurationIsVisible = 0;
		};
/* End XCConfigurationList section */
	};
	rootObject = 12F1D2F220651D5800B238E3 /* Project object */;
}
